Microsoft Visual Studio Solution File, Format Version 12.00
# Visual Studio Version 17
VisualStudioVersion = 17.5.2.0
MinimumVisualStudioVersion = 10.0.40219.1
Project("{FAE04EC0-301F-11D3-BF4B-00C04F79EFBC}") = "Ekklesia.Api", "Ekklesia.Api.csproj", "{55DE8F37-D48D-E0A6-DEDB-FC8E5BF7FEFB}"
EndProject
Global
	GlobalSection(SolutionConfigurationPlatforms) = preSolution
		Debug|Any CPU = Debug|Any CPU
		Release|Any CPU = Release|Any CPU
	EndGlobalSection
	GlobalSection(ProjectConfigurationPlatforms) = postSolution
		{55DE8F37-D48D-E0A6-DEDB-FC8E5BF7FEFB}.Debug|Any CPU.ActiveCfg = Debug|Any CPU
		{55DE8F37-D48D-E0A6-DEDB-FC8E5BF7FEFB}.Debug|Any CPU.Build.0 = Debug|Any CPU
		{55DE8F37-D48D-E0A6-DEDB-FC8E5BF7FEFB}.Release|Any CPU.ActiveCfg = Release|Any CPU
		{55DE8F37-D48D-E0A6-DEDB-FC8E5BF7FEFB}.Release|Any CPU.Build.0 = Release|Any CPU
	EndGlobalSection
	GlobalSection(SolutionProperties) = preSolution
		HideSolutionNode = FALSE
	EndGlobalSection
	GlobalSection(ExtensibilityGlobals) = postSolution
		SolutionGuid = {0DB2CF8D-F716-456E-B790-5CAD86362D7F}
	EndGlobalSection
EndGlobal
